// !$*UTF8*$!
{
	archiveVersion = 1;
	classes = {
	};
	objectVersion = 73;
	objects = {

/* Begin PBXAggregateTarget section */
		1E0CDB702E93979900BCC002 /* qca_firmware_gen */ = {
			isa = PBXAggregateTarget;
			buildConfigurationList = 1E0CDB712E93979900BCC002 /* Build configuration list for PBXAggregateTarget "qca_firmware_gen" */;
			buildPhases = (
				1E0CDB762E93992200BCC002 /* ShellScript */,
			);
			dependencies = (
			);
			name = qca_firmware_gen;
			packageProductDependencies = (
			);
			productName = qca_firmware_gen;
		};
/* End PBXAggregateTarget section */

/* Begin PBXBuildFile section */
		1E0CDB782E93A01000BCC002 /* qca_firmware.h in Headers */ = {isa = PBXBuildFile; fileRef = 1E0CDB772E93A01000BCC002 /* qca_firmware.h */; };
		1E347DA12E95CC6300624400 /* libkmod.a in Frameworks */ = {isa = PBXBuildFile; fileRef = 358E312E2523A1E400C409AD /* libkmod.a */; };
		1E3FAA4B2E92A06200108742 /* QCABluetooth 2.cpp.bak in Sources */ = {isa = PBXBuildFile; fileRef = 1E3FAA4A2E92A06200108742 /* QCABluetooth 2.cpp.bak */; };
		1E3FAA4D2E92A48E00108742 /* QCABluetooth 2.hpp.bak in Headers */ = {isa = PBXBuildFile; fileRef = 1E3FAA4C2E92A48E00108742 /* QCABluetooth 2.hpp.bak */; };
		1EA5F1A92E94E7BB00BBA670 /* QCAFirmwareLoader.hpp in Headers */ = {isa = PBXBuildFile; fileRef = 1EA5F1A82E94E7B500BBA670 /* QCAFirmwareLoader.hpp */; };
		1EA5F1AB2E94E7EB00BBA670 /* QCAFirmwareLoader.cpp in Sources */ = {isa = PBXBuildFile; fileRef = 1EA5F1AA2E94E7E800BBA670 /* QCAFirmwareLoader.cpp */; };
		3573FE3225223B8500DFC9F4 /* QCABluetooth.hpp in Headers */ = {isa = PBXBuildFile; fileRef = 3573FE3125223B8500DFC9F4 /* QCABluetooth.hpp */; };
		3573FE3425223B8500DFC9F4 /* QCABluetooth.cpp in Sources */ = {isa = PBXBuildFile; fileRef = 3573FE3325223B8500DFC9F4 /* QCABluetooth.cpp */; };
		358E312F2523A1E400C409AD /* libkmod.a in Frameworks */ = {isa = PBXBuildFile; fileRef = 358E312E2523A1E400C409AD /* libkmod.a */; };
/* End PBXBuildFile section */

/* Begin PBXContainerItemProxy section */
		1E4C937D2E95FDF600E8256A /* PBXContainerItemProxy */ = {
			isa = PBXContainerItemProxy;
			containerPortal = 3573FE2525223B8500DFC9F4 /* Project object */;
			proxyType = 1;
			remoteGlobalIDString = 3573FE2D25223B8500DFC9F4;
			remoteInfo = QCABluetooth;
		};
/* End PBXContainerItemProxy section */

/* Begin PBXFileReference section */
		1E0CDB432E9382A300BCC002 /* ar3kbdaddr.pst */ = {isa = PBXFileReference; lastKnownFileType = text; path = ar3kbdaddr.pst; sourceTree = "<group>"; };
		1E0CDB442E9382A300BCC002 /* PS_ASIC.pst */ = {isa = PBXFileReference; lastKnownFileType = text; path = PS_ASIC.pst; sourceTree = "<group>"; };
		1E0CDB452E9382A300BCC002 /* RamPatch.txt */ = {isa = PBXFileReference; lastKnownFileType = text; path = RamPatch.txt; sourceTree = "<group>"; };
		1E0CDB472E9382A300BCC002 /* ar3kbdaddr.pst */ = {isa = PBXFileReference; lastKnownFileType = text; path = ar3kbdaddr.pst; sourceTree = "<group>"; };
		1E0CDB482E9382A300BCC002 /* PS_ASIC.pst */ = {isa = PBXFileReference; lastKnownFileType = text; path = PS_ASIC.pst; sourceTree = "<group>"; };
		1E0CDB492E9382A300BCC002 /* RamPatch.txt */ = {isa = PBXFileReference; lastKnownFileType = text; path = RamPatch.txt; sourceTree = "<group>"; };
		1E0CDB4B2E9382A300BCC002 /* ar3kbdaddr.pst */ = {isa = PBXFileReference; lastKnownFileType = text; path = ar3kbdaddr.pst; sourceTree = "<group>"; };
		1E0CDB4C2E9382A300BCC002 /* PS_ASIC.pst */ = {isa = PBXFileReference; lastKnownFileType = text; path = PS_ASIC.pst; sourceTree = "<group>"; };
		1E0CDB4D2E9382A300BCC002 /* PS_ASIC_aclHighPri.pst */ = {isa = PBXFileReference; lastKnownFileType = text; path = PS_ASIC_aclHighPri.pst; sourceTree = "<group>"; };
		1E0CDB4E2E9382A300BCC002 /* PS_ASIC_aclLowPri.pst */ = {isa = PBXFileReference; lastKnownFileType = text; path = PS_ASIC_aclLowPri.pst; sourceTree = "<group>"; };
		1E0CDB4F2E9382A300BCC002 /* RamPatch.txt */ = {isa = PBXFileReference; lastKnownFileType = text; path = RamPatch.txt; sourceTree = "<group>"; };
		1E0CDB512E9382A300BCC002 /* ar3kbdaddr.pst */ = {isa = PBXFileReference; lastKnownFileType = text; path = ar3kbdaddr.pst; sourceTree = "<group>"; };
		1E0CDB522E9382A300BCC002 /* PS_ASIC.pst */ = {isa = PBXFileReference; lastKnownFileType = text; path = PS_ASIC.pst; sourceTree = "<group>"; };
		1E0CDB532E9382A300BCC002 /* RamPatch.txt */ = {isa = PBXFileReference; lastKnownFileType = text; path = RamPatch.txt; sourceTree = "<group>"; };
		1E0CDB552E9382A300BCC002 /* PS_ASIC.pst */ = {isa = PBXFileReference; lastKnownFileType = text; path = PS_ASIC.pst; sourceTree = "<group>"; };
		1E0CDB562E9382A300BCC002 /* RamPatch.txt */ = {isa = PBXFileReference; lastKnownFileType = text; path = RamPatch.txt; sourceTree = "<group>"; };
		1E0CDB582E9382A300BCC002 /* ramps_0x01020201_26_HighPriority.dfu */ = {isa = PBXFileReference; lastKnownFileType = file; path = ramps_0x01020201_26_HighPriority.dfu; sourceTree = "<group>"; };
		1E0CDB5A2E9382A300BCC002 /* AthrBT_0x01020001.dfu */ = {isa = PBXFileReference; lastKnownFileType = file; path = AthrBT_0x01020001.dfu; sourceTree = "<group>"; };
		1E0CDB5B2E9382A300BCC002 /* AthrBT_0x01020200.dfu */ = {isa = PBXFileReference; lastKnownFileType = file; path = AthrBT_0x01020200.dfu; sourceTree = "<group>"; };
		1E0CDB5C2E9382A300BCC002 /* AthrBT_0x01020201.dfu */ = {isa = PBXFileReference; lastKnownFileType = file; path = AthrBT_0x01020201.dfu; sourceTree = "<group>"; };
		1E0CDB5D2E9382A300BCC002 /* AthrBT_0x11020000.dfu */ = {isa = PBXFileReference; lastKnownFileType = file; path = AthrBT_0x11020000.dfu; sourceTree = "<group>"; };
		1E0CDB5E2E9382A300BCC002 /* AthrBT_0x11020100.dfu */ = {isa = PBXFileReference; lastKnownFileType = file; path = AthrBT_0x11020100.dfu; sourceTree = "<group>"; };
		1E0CDB5F2E9382A300BCC002 /* AthrBT_0x31010000.dfu */ = {isa = PBXFileReference; lastKnownFileType = file; path = AthrBT_0x31010000.dfu; sourceTree = "<group>"; };
		1E0CDB602E9382A300BCC002 /* AthrBT_0x31010100.dfu */ = {isa = PBXFileReference; lastKnownFileType = file; path = AthrBT_0x31010100.dfu; sourceTree = "<group>"; };
		1E0CDB612E9382A300BCC002 /* AthrBT_0x41020000.dfu */ = {isa = PBXFileReference; lastKnownFileType = file; path = AthrBT_0x41020000.dfu; sourceTree = "<group>"; };
		1E0CDB622E9382A300BCC002 /* ramps_0x01020001_26.dfu */ = {isa = PBXFileReference; lastKnownFileType = file; path = ramps_0x01020001_26.dfu; sourceTree = "<group>"; };
		1E0CDB632E9382A300BCC002 /* ramps_0x01020200_26.dfu */ = {isa = PBXFileReference; lastKnownFileType = file; path = ramps_0x01020200_26.dfu; sourceTree = "<group>"; };
		1E0CDB642E9382A300BCC002 /* ramps_0x01020200_40.dfu */ = {isa = PBXFileReference; lastKnownFileType = file; path = ramps_0x01020200_40.dfu; sourceTree = "<group>"; };
		1E0CDB652E9382A300BCC002 /* ramps_0x01020201_26.dfu */ = {isa = PBXFileReference; lastKnownFileType = file; path = ramps_0x01020201_26.dfu; sourceTree = "<group>"; };
		1E0CDB662E9382A300BCC002 /* ramps_0x01020201_40.dfu */ = {isa = PBXFileReference; lastKnownFileType = file; path = ramps_0x01020201_40.dfu; sourceTree = "<group>"; };
		1E0CDB672E9382A300BCC002 /* ramps_0x11020000_40.dfu */ = {isa = PBXFileReference; lastKnownFileType = file; path = ramps_0x11020000_40.dfu; sourceTree = "<group>"; };
		1E0CDB682E9382A300BCC002 /* ramps_0x11020100_40.dfu */ = {isa = PBXFileReference; lastKnownFileType = file; path = ramps_0x11020100_40.dfu; sourceTree = "<group>"; };
		1E0CDB692E9382A300BCC002 /* ramps_0x31010000_40.dfu */ = {isa = PBXFileReference; lastKnownFileType = file; path = ramps_0x31010000_40.dfu; sourceTree = "<group>"; };
		1E0CDB6A2E9382A300BCC002 /* ramps_0x31010100_40.dfu */ = {isa = PBXFileReference; lastKnownFileType = file; path = ramps_0x31010100_40.dfu; sourceTree = "<group>"; };
		1E0CDB6B2E9382A300BCC002 /* ramps_0x41020000_40.dfu */ = {isa = PBXFileReference; lastKnownFileType = file; path = ramps_0x41020000_40.dfu; sourceTree = "<group>"; };
		1E0CDB6E2E93955900BCC002 /* Makefile */ = {isa = PBXFileReference; lastKnownFileType = sourcecode.make; path = Makefile; sourceTree = "<group>"; };
		1E0CDB6F2E9395A400BCC002 /* gen_qca_fw.sh */ = {isa = PBXFileReference; lastKnownFileType = text.script.sh; path = gen_qca_fw.sh; sourceTree = "<group>"; };
		1E0CDB772E93A01000BCC002 /* qca_firmware.h */ = {isa = PBXFileReference; lastKnownFileType = sourcecode.c.h; path = qca_firmware.h; sourceTree = "<group>"; };
		1E17E60D2E97CA0A00021FE4 /* QCAInjector.kext */ = {isa = PBXFileReference; explicitFileType = wrapper.cfbundle; includeInIndex = 0; path = QCAInjector.kext; sourceTree = BUILT_PRODUCTS_DIR; };
		1E347DA72E95CC6300624400 /* QCAUSBTransport.kext */ = {isa = PBXFileReference; explicitFileType = wrapper.cfbundle; includeInIndex = 0; path = QCAUSBTransport.kext; sourceTree = BUILT_PRODUCTS_DIR; };
		1E347DA82E95CC6300624400 /* QCABluetooth copy-Info.plist */ = {isa = PBXFileReference; lastKnownFileType = text.plist.xml; name = "QCABluetooth copy-Info.plist"; path = "/Volumes/dev/macos-dev/macos-code/QCABluetooth/QCABluetooth copy-Info.plist"; sourceTree = "<absolute>"; };
		1E39C2E82E956258007F25C3 /* Info 2.plist.bak */ = {isa = PBXFileReference; lastKnownFileType = text.xml; path = "Info 2.plist.bak"; sourceTree = "<group>"; };
		1E3FAA4A2E92A06200108742 /* QCABluetooth 2.cpp.bak */ = {isa = PBXFileReference; lastKnownFileType = text; path = "QCABluetooth 2.cpp.bak"; sourceTree = "<group>"; };
		1E3FAA4C2E92A48E00108742 /* QCABluetooth 2.hpp.bak */ = {isa = PBXFileReference; lastKnownFileType = text; path = "QCABluetooth 2.hpp.bak"; sourceTree = "<group>"; };
		1E3FAA4F2E92C36400108742 /* hci.hpp */ = {isa = PBXFileReference; lastKnownFileType = sourcecode.cpp.h; path = hci.hpp; sourceTree = "<group>"; };
		1E9234B22E916A2300FA267A /* ai1.md */ = {isa = PBXFileReference; lastKnownFileType = net.daringfireball.markdown; path = ai1.md; sourceTree = "<group>"; };
		1EA5F1A82E94E7B500BBA670 /* QCAFirmwareLoader.hpp */ = {isa = PBXFileReference; lastKnownFileType = sourcecode.cpp.h; path = QCAFirmwareLoader.hpp; sourceTree = "<group>"; };
		1EA5F1AA2E94E7E800BBA670 /* QCAFirmwareLoader.cpp */ = {isa = PBXFileReference; lastKnownFileType = sourcecode.cpp.cpp; path = QCAFirmwareLoader.cpp; sourceTree = "<group>"; };
		1EFBFCA12E60AB8800EB0C2D /* README.md */ = {isa = PBXFileReference; lastKnownFileType = net.daringfireball.markdown; path = README.md; sourceTree = "<group>"; };
		3573FE2E25223B8500DFC9F4 /* QCABluetooth.kext */ = {isa = PBXFileReference; explicitFileType = wrapper.cfbundle; includeInIndex = 0; path = QCABluetooth.kext; sourceTree = BUILT_PRODUCTS_DIR; };
		3573FE3125223B8500DFC9F4 /* QCABluetooth.hpp */ = {isa = PBXFileReference; lastKnownFileType = sourcecode.cpp.h; path = QCABluetooth.hpp; sourceTree = "<group>"; };
		3573FE3325223B8500DFC9F4 /* QCABluetooth.cpp */ = {isa = PBXFileReference; lastKnownFileType = sourcecode.cpp.cpp; path = QCABluetooth.cpp; sourceTree = "<group>"; };
		3573FE3525223B8500DFC9F4 /* Info.plist */ = {isa = PBXFileReference; lastKnownFileType = text.plist.xml; path = Info.plist; sourceTree = "<group>"; };
		358E312E2523A1E400C409AD /* libkmod.a */ = {isa = PBXFileReference; lastKnownFileType = archive.ar; name = libkmod.a; path = MacKernelSDK/Library/x86_64/libkmod.a; sourceTree = "<group>"; };
/* End PBXFileReference section */

/* Begin PBXFileSystemSynchronizedBuildFileExceptionSet section */
		1E17E6122E97CA0A00021FE4 /* PBXFileSystemSynchronizedBuildFileExceptionSet */ = {
			isa = PBXFileSystemSynchronizedBuildFileExceptionSet;
			membershipExceptions = (
				Info.plist,
			);
			target = 1E17E60C2E97CA0A00021FE4 /* QCAInjector */;
		};
		1E347DAE2E95FB1A00624400 /* PBXFileSystemSynchronizedBuildFileExceptionSet */ = {
			isa = PBXFileSystemSynchronizedBuildFileExceptionSet;
			membershipExceptions = (
				QCAUSBTransport.cpp,
				QCAUSBTransport.hpp,
			);
			target = 1E347D962E95CC6300624400 /* QCAUSBTransport */;
		};
/* End PBXFileSystemSynchronizedBuildFileExceptionSet section */

/* Begin PBXFileSystemSynchronizedGroupBuildPhaseMembershipExceptionSet section */
		1E347DB02E95FB2000624400 /* PBXFileSystemSynchronizedGroupBuildPhaseMembershipExceptionSet */ = {
			isa = PBXFileSystemSynchronizedGroupBuildPhaseMembershipExceptionSet;
			buildPhase = 1E347D972E95CC6300624400 /* Headers */;
			membershipExceptions = (
				QCAUSBTransport.cpp,
			);
		};
		1E347DB32E95FB3700624400 /* PBXFileSystemSynchronizedGroupBuildPhaseMembershipExceptionSet */ = {
			isa = PBXFileSystemSynchronizedGroupBuildPhaseMembershipExceptionSet;
			buildPhase = 1E347D9C2E95CC6300624400 /* Sources */;
			membershipExceptions = (
				QCAUSBTransport.hpp,
			);
		};
/* End PBXFileSystemSynchronizedGroupBuildPhaseMembershipExceptionSet section */

/* Begin PBXFileSystemSynchronizedRootGroup section */
		1E17E60E2E97CA0A00021FE4 /* QCAInjector */ = {isa = PBXFileSystemSynchronizedRootGroup; exceptions = (1E17E6122E97CA0A00021FE4 /* PBXFileSystemSynchronizedBuildFileExceptionSet */, ); explicitFileTypes = {}; explicitFolders = (); path = QCAInjector; sourceTree = "<group>"; };
		1E347DA92E95CC7600624400 /* QCAUSBTransport */ = {isa = PBXFileSystemSynchronizedRootGroup; exceptions = (1E347DAE2E95FB1A00624400 /* PBXFileSystemSynchronizedBuildFileExceptionSet */, 1E347DB02E95FB2000624400 /* PBXFileSystemSynchronizedGroupBuildPhaseMembershipExceptionSet */, 1E347DB32E95FB3700624400 /* PBXFileSystemSynchronizedGroupBuildPhaseMembershipExceptionSet */, ); explicitFileTypes = {}; explicitFolders = (); path = QCAUSBTransport; sourceTree = "<group>"; };
/* End PBXFileSystemSynchronizedRootGroup section */

/* Begin PBXFrameworksBuildPhase section */
		1E17E60A2E97CA0A00021FE4 /* Frameworks */ = {
			isa = PBXFrameworksBuildPhase;
			buildActionMask = 2147483647;
			files = (
			);
			runOnlyForDeploymentPostprocessing = 0;
		};
		1E347DA02E95CC6300624400 /* Frameworks */ = {
			isa = PBXFrameworksBuildPhase;
			buildActionMask = 2147483647;
			files = (
				1E347DA12E95CC6300624400 /* libkmod.a in Frameworks */,
			);
			runOnlyForDeploymentPostprocessing = 0;
		};
		3573FE2B25223B8500DFC9F4 /* Frameworks */ = {
			isa = PBXFrameworksBuildPhase;
			buildActionMask = 2147483647;
			files = (
				358E312F2523A1E400C409AD /* libkmod.a in Frameworks */,
			);
			runOnlyForDeploymentPostprocessing = 0;
		};
/* End PBXFrameworksBuildPhase section */

/* Begin PBXGroup section */
		1E0CDB462E9382A300BCC002 /* 30000 */ = {
			isa = PBXGroup;
			children = (
				1E0CDB432E9382A300BCC002 /* ar3kbdaddr.pst */,
				1E0CDB442E9382A300BCC002 /* PS_ASIC.pst */,
				1E0CDB452E9382A300BCC002 /* RamPatch.txt */,
			);
			path = 30000;
			sourceTree = "<group>";
		};
		1E0CDB4A2E9382A300BCC002 /* 30101 */ = {
			isa = PBXGroup;
			children = (
				1E0CDB472E9382A300BCC002 /* ar3kbdaddr.pst */,
				1E0CDB482E9382A300BCC002 /* PS_ASIC.pst */,
				1E0CDB492E9382A300BCC002 /* RamPatch.txt */,
			);
			path = 30101;
			sourceTree = "<group>";
		};
		1E0CDB502E9382A300BCC002 /* 30101coex */ = {
			isa = PBXGroup;
			children = (
				1E0CDB4B2E9382A300BCC002 /* ar3kbdaddr.pst */,
				1E0CDB4C2E9382A300BCC002 /* PS_ASIC.pst */,
				1E0CDB4D2E9382A300BCC002 /* PS_ASIC_aclHighPri.pst */,
				1E0CDB4E2E9382A300BCC002 /* PS_ASIC_aclLowPri.pst */,
				1E0CDB4F2E9382A300BCC002 /* RamPatch.txt */,
			);
			path = 30101coex;
			sourceTree = "<group>";
		};
		1E0CDB542E9382A300BCC002 /* 1020200 */ = {
			isa = PBXGroup;
			children = (
				1E0CDB512E9382A300BCC002 /* ar3kbdaddr.pst */,
				1E0CDB522E9382A300BCC002 /* PS_ASIC.pst */,
				1E0CDB532E9382A300BCC002 /* RamPatch.txt */,
			);
			path = 1020200;
			sourceTree = "<group>";
		};
		1E0CDB572E9382A300BCC002 /* 1020201 */ = {
			isa = PBXGroup;
			children = (
				1E0CDB552E9382A300BCC002 /* PS_ASIC.pst */,
				1E0CDB562E9382A300BCC002 /* RamPatch.txt */,
			);
			path = 1020201;
			sourceTree = "<group>";
		};
		1E0CDB592E9382A300BCC002 /* 1020201coex */ = {
			isa = PBXGroup;
			children = (
				1E0CDB582E9382A300BCC002 /* ramps_0x01020201_26_HighPriority.dfu */,
			);
			path = 1020201coex;
			sourceTree = "<group>";
		};
		1E0CDB6C2E9382A300BCC002 /* ar3k */ = {
			isa = PBXGroup;
			children = (
				1E0CDB462E9382A300BCC002 /* 30000 */,
				1E0CDB4A2E9382A300BCC002 /* 30101 */,
				1E0CDB502E9382A300BCC002 /* 30101coex */,
				1E0CDB542E9382A300BCC002 /* 1020200 */,
				1E0CDB572E9382A300BCC002 /* 1020201 */,
				1E0CDB592E9382A300BCC002 /* 1020201coex */,
				1E0CDB5A2E9382A300BCC002 /* AthrBT_0x01020001.dfu */,
				1E0CDB5B2E9382A300BCC002 /* AthrBT_0x01020200.dfu */,
				1E0CDB5C2E9382A300BCC002 /* AthrBT_0x01020201.dfu */,
				1E0CDB5D2E9382A300BCC002 /* AthrBT_0x11020000.dfu */,
				1E0CDB5E2E9382A300BCC002 /* AthrBT_0x11020100.dfu */,
				1E0CDB5F2E9382A300BCC002 /* AthrBT_0x31010000.dfu */,
				1E0CDB602E9382A300BCC002 /* AthrBT_0x31010100.dfu */,
				1E0CDB612E9382A300BCC002 /* AthrBT_0x41020000.dfu */,
				1E0CDB622E9382A300BCC002 /* ramps_0x01020001_26.dfu */,
				1E0CDB632E9382A300BCC002 /* ramps_0x01020200_26.dfu */,
				1E0CDB642E9382A300BCC002 /* ramps_0x01020200_40.dfu */,
				1E0CDB652E9382A300BCC002 /* ramps_0x01020201_26.dfu */,
				1E0CDB662E9382A300BCC002 /* ramps_0x01020201_40.dfu */,
				1E0CDB672E9382A300BCC002 /* ramps_0x11020000_40.dfu */,
				1E0CDB682E9382A300BCC002 /* ramps_0x11020100_40.dfu */,
				1E0CDB692E9382A300BCC002 /* ramps_0x31010000_40.dfu */,
				1E0CDB6A2E9382A300BCC002 /* ramps_0x31010100_40.dfu */,
				1E0CDB6B2E9382A300BCC002 /* ramps_0x41020000_40.dfu */,
			);
			path = ar3k;
			sourceTree = "<group>";
		};
		3573FE2425223B8500DFC9F4 = {
			isa = PBXGroup;
			children = (
				1E347DA92E95CC7600624400 /* QCAUSBTransport */,
				1E0CDB772E93A01000BCC002 /* qca_firmware.h */,
				1E0CDB6F2E9395A400BCC002 /* gen_qca_fw.sh */,
				1E0CDB6E2E93955900BCC002 /* Makefile */,
				1E0CDB6C2E9382A300BCC002 /* ar3k */,
				1E9234B22E916A2300FA267A /* ai1.md */,
				3573FE3025223B8500DFC9F4 /* QCABluetooth */,
				1E17E60E2E97CA0A00021FE4 /* QCAInjector */,
				3573FE2F25223B8500DFC9F4 /* Products */,
				358E312D2523A1E400C409AD /* Frameworks */,
				1EFBFCA12E60AB8800EB0C2D /* README.md */,
				1E347DA82E95CC6300624400 /* QCABluetooth copy-Info.plist */,
			);
			sourceTree = "<group>";
		};
		3573FE2F25223B8500DFC9F4 /* Products */ = {
			isa = PBXGroup;
			children = (
				3573FE2E25223B8500DFC9F4 /* QCABluetooth.kext */,
				1E347DA72E95CC6300624400 /* QCAUSBTransport.kext */,
				1E17E60D2E97CA0A00021FE4 /* QCAInjector.kext */,
			);
			name = Products;
			sourceTree = "<group>";
		};
		3573FE3025223B8500DFC9F4 /* QCABluetooth */ = {
			isa = PBXGroup;
			children = (
				1EA5F1AA2E94E7E800BBA670 /* QCAFirmwareLoader.cpp */,
				1EA5F1A82E94E7B500BBA670 /* QCAFirmwareLoader.hpp */,
				1E3FAA4F2E92C36400108742 /* hci.hpp */,
				3573FE3125223B8500DFC9F4 /* QCABluetooth.hpp */,
				1E3FAA4C2E92A48E00108742 /* QCABluetooth 2.hpp.bak */,
				3573FE3325223B8500DFC9F4 /* QCABluetooth.cpp */,
				1E3FAA4A2E92A06200108742 /* QCABluetooth 2.cpp.bak */,
				3573FE3525223B8500DFC9F4 /* Info.plist */,
				1E39C2E82E956258007F25C3 /* Info 2.plist.bak */,
			);
			path = QCABluetooth;
			sourceTree = "<group>";
		};
		358E312D2523A1E400C409AD /* Frameworks */ = {
			isa = PBXGroup;
			children = (
				358E312E2523A1E400C409AD /* libkmod.a */,
			);
			name = Frameworks;
			sourceTree = "<group>";
		};
/* End PBXGroup section */

/* Begin PBXHeadersBuildPhase section */
		1E17E6082E97CA0A00021FE4 /* Headers */ = {
			isa = PBXHeadersBuildPhase;
			buildActionMask = 2147483647;
			files = (
			);
			runOnlyForDeploymentPostprocessing = 0;
		};
		1E347D972E95CC6300624400 /* Headers */ = {
			isa = PBXHeadersBuildPhase;
			buildActionMask = 2147483647;
			files = (
			);
			runOnlyForDeploymentPostprocessing = 0;
		};
		3573FE2925223B8500DFC9F4 /* Headers */ = {
			isa = PBXHeadersBuildPhase;
			buildActionMask = 2147483647;
			files = (
				1EA5F1A92E94E7BB00BBA670 /* QCAFirmwareLoader.hpp in Headers */,
				1E0CDB782E93A01000BCC002 /* qca_firmware.h in Headers */,
				3573FE3225223B8500DFC9F4 /* QCABluetooth.hpp in Headers */,
				1E3FAA4D2E92A48E00108742 /* QCABluetooth 2.hpp.bak in Headers */,
			);
			runOnlyForDeploymentPostprocessing = 0;
		};
/* End PBXHeadersBuildPhase section */

/* Begin PBXNativeTarget section */
		1E17E60C2E97CA0A00021FE4 /* QCAInjector */ = {
			isa = PBXNativeTarget;
			buildConfigurationList = 1E17E6132E97CA0A00021FE4 /* Build configuration list for PBXNativeTarget "QCAInjector" */;
			buildPhases = (
				1E17E6082E97CA0A00021FE4 /* Headers */,
				1E17E6092E97CA0A00021FE4 /* Sources */,
				1E17E60A2E97CA0A00021FE4 /* Frameworks */,
				1E17E60B2E97CA0A00021FE4 /* Resources */,
			);
			buildRules = (
			);
			dependencies = (
			);
			fileSystemSynchronizedGroups = (
				1E17E60E2E97CA0A00021FE4 /* QCAInjector */,
			);
			name = QCAInjector;
			packageProductDependencies = (
			);
			productName = QCAInjector;
			productReference = 1E17E60D2E97CA0A00021FE4 /* QCAInjector.kext */;
			productType = "com.apple.product-type.kernel-extension";
		};
		1E347D962E95CC6300624400 /* QCAUSBTransport */ = {
			isa = PBXNativeTarget;
			buildConfigurationList = 1E347DA42E95CC6300624400 /* Build configuration list for PBXNativeTarget "QCAUSBTransport" */;
			buildPhases = (
				1E347D972E95CC6300624400 /* Headers */,
				1E347D9C2E95CC6300624400 /* Sources */,
				1E347DA02E95CC6300624400 /* Frameworks */,
				1E347DA22E95CC6300624400 /* Resources */,
				1E347DA32E95CC6300624400 /* Archive */,
			);
			buildRules = (
			);
			dependencies = (
				1E4C937E2E95FDF600E8256A /* PBXTargetDependency */,
			);
			name = QCAUSBTransport;
			productName = BrightnessKeys;
			productReference = 1E347DA72E95CC6300624400 /* QCAUSBTransport.kext */;
			productType = "com.apple.product-type.kernel-extension";
		};
		3573FE2D25223B8500DFC9F4 /* QCABluetooth */ = {
			isa = PBXNativeTarget;
			buildConfigurationList = 3573FE3825223B8500DFC9F4 /* Build configuration list for PBXNativeTarget "QCABluetooth" */;
			buildPhases = (
				3573FE2925223B8500DFC9F4 /* Headers */,
				3573FE2A25223B8500DFC9F4 /* Sources */,
				3573FE2B25223B8500DFC9F4 /* Frameworks */,
				3573FE2C25223B8500DFC9F4 /* Resources */,
				CE36C7C1252B87670093C599 /* Archive */,
			);
			buildRules = (
			);
			dependencies = (
			);
			name = QCABluetooth;
			productName = BrightnessKeys;
			productReference = 3573FE2E25223B8500DFC9F4 /* QCABluetooth.kext */;
			productType = "com.apple.product-type.kernel-extension";
		};
/* End PBXNativeTarget section */

/* Begin PBXProject section */
		3573FE2525223B8500DFC9F4 /* Project object */ = {
			isa = PBXProject;
			attributes = {
				LastUpgradeCheck = 1200;
				TargetAttributes = {
					1E0CDB702E93979900BCC002 = {
						CreatedOnToolsVersion = 26.0;
					};
					1E17E60C2E97CA0A00021FE4 = {
						CreatedOnToolsVersion = 26.0;
					};
					3573FE2D25223B8500DFC9F4 = {
						CreatedOnToolsVersion = 12.0;
					};
				};
			};
			buildConfigurationList = 3573FE2825223B8500DFC9F4 /* Build configuration list for PBXProject "QCABluetooth" */;
			developmentRegion = en;
			hasScannedForEncodings = 0;
			knownRegions = (
				en,
				Base,
			);
			mainGroup = 3573FE2425223B8500DFC9F4;
			preferredProjectObjectVersion = 50;
			productRefGroup = 3573FE2F25223B8500DFC9F4 /* Products */;
			projectDirPath = "";
			projectRoot = "";
			targets = (
				3573FE2D25223B8500DFC9F4 /* QCABluetooth */,
				1E0CDB702E93979900BCC002 /* qca_firmware_gen */,
				1E347D962E95CC6300624400 /* QCAUSBTransport */,
				1E17E60C2E97CA0A00021FE4 /* QCAInjector */,
			);
		};
/* End PBXProject section */

/* Begin PBXResourcesBuildPhase section */
		1E17E60B2E97CA0A00021FE4 /* Resources */ = {
			isa = PBXResourcesBuildPhase;
			buildActionMask = 2147483647;
			files = (
			);
			runOnlyForDeploymentPostprocessing = 0;
		};
		1E347DA22E95CC6300624400 /* Resources */ = {
			isa = PBXResourcesBuildPhase;
			buildActionMask = 2147483647;
			files = (
			);
			runOnlyForDeploymentPostprocessing = 0;
		};
		3573FE2C25223B8500DFC9F4 /* Resources */ = {
			isa = PBXResourcesBuildPhase;
			buildActionMask = 2147483647;
			files = (
			);
			runOnlyForDeploymentPostprocessing = 0;
		};
/* End PBXResourcesBuildPhase section */

/* Begin PBXShellScriptBuildPhase section */
		1E0CDB762E93992200BCC002 /* ShellScript */ = {
			isa = PBXShellScriptBuildPhase;
			buildActionMask = 2147483647;
			files = (
			);
			inputFileListPaths = (
			);
			inputPaths = (
			);
			outputFileListPaths = (
			);
			outputPaths = (
			);
			runOnlyForDeploymentPostprocessing = 0;
			shellPath = /bin/sh;
			shellScript = "# Typea script or drag a script file from your workspace to insert its path.\necho \"Gen Header\"\nmake -C \"${SRCROOT}\"\n";
		};
		1E347DA32E95CC6300624400 /* Archive */ = {
			isa = PBXShellScriptBuildPhase;
			buildActionMask = 2147483647;
			files = (
			);
			inputFileListPaths = (
			);
			inputPaths = (
			);
			name = Archive;
			outputFileListPaths = (
			);
			outputPaths = (
			);
			runOnlyForDeploymentPostprocessing = 0;
			shellPath = /bin/sh;
			shellScript = "cd \"${TARGET_BUILD_DIR}\"\n\ndist=(\"$FULL_PRODUCT_NAME\")\nif [ -d \"$DWARF_DSYM_FILE_NAME\" ]; then dist+=(\"$DWARF_DSYM_FILE_NAME\"); fi\n\narchive=\"${PRODUCT_NAME}-${MODULE_VERSION}-$(echo $CONFIGURATION | tr /a-z/ /A-Z/).zip\"\nrm -rf *.zip\nif [ \"$CONFIGURATION\" == \"Release\" ]; then strip -x -T \"${EXECUTABLE_PATH}\"; fi\nzip -qry -FS \"${archive}\" \"${dist[@]}\"\n";
		};
		CE36C7C1252B87670093C599 /* Archive */ = {
			isa = PBXShellScriptBuildPhase;
			buildActionMask = 2147483647;
			files = (
			);
			inputFileListPaths = (
			);
			inputPaths = (
			);
			name = Archive;
			outputFileListPaths = (
			);
			outputPaths = (
			);
			runOnlyForDeploymentPostprocessing = 0;
			shellPath = /bin/sh;
			shellScript = "cd \"${TARGET_BUILD_DIR}\"\n\ndist=(\"$FULL_PRODUCT_NAME\")\nif [ -d \"$DWARF_DSYM_FILE_NAME\" ]; then dist+=(\"$DWARF_DSYM_FILE_NAME\"); fi\n\narchive=\"${PRODUCT_NAME}-${MODULE_VERSION}-$(echo $CONFIGURATION | tr /a-z/ /A-Z/).zip\"\nrm -rf *.zip\nif [ \"$CONFIGURATION\" == \"Release\" ]; then strip -x -T \"${EXECUTABLE_PATH}\"; fi\nzip -qry -FS \"${archive}\" \"${dist[@]}\"\n";
		};
/* End PBXShellScriptBuildPhase section */

/* Begin PBXSourcesBuildPhase section */
		1E17E6092E97CA0A00021FE4 /* Sources */ = {
			isa = PBXSourcesBuildPhase;
			buildActionMask = 2147483647;
			files = (
			);
			runOnlyForDeploymentPostprocessing = 0;
		};
		1E347D9C2E95CC6300624400 /* Sources */ = {
			isa = PBXSourcesBuildPhase;
			buildActionMask = 2147483647;
			files = (
			);
			runOnlyForDeploymentPostprocessing = 0;
		};
		3573FE2A25223B8500DFC9F4 /* Sources */ = {
			isa = PBXSourcesBuildPhase;
			buildActionMask = 2147483647;
			files = (
				1E3FAA4B2E92A06200108742 /* QCABluetooth 2.cpp.bak in Sources */,
				1EA5F1AB2E94E7EB00BBA670 /* QCAFirmwareLoader.cpp in Sources */,
				3573FE3425223B8500DFC9F4 /* QCABluetooth.cpp in Sources */,
			);
			runOnlyForDeploymentPostprocessing = 0;
		};
/* End PBXSourcesBuildPhase section */

/* Begin PBXTargetDependency section */
		1E4C937E2E95FDF600E8256A /* PBXTargetDependency */ = {
			isa = PBXTargetDependency;
			target = 3573FE2D25223B8500DFC9F4 /* QCABluetooth */;
			targetProxy = 1E4C937D2E95FDF600E8256A /* PBXContainerItemProxy */;
		};
/* End PBXTargetDependency section */

/* Begin XCBuildConfiguration section */
		1E0CDB722E93979900BCC002 /* Debug */ = {
			isa = XCBuildConfiguration;
			buildSettings = {
				CODE_SIGN_STYLE = Automatic;
				PRODUCT_NAME = "$(TARGET_NAME)";
			};
			name = Debug;
		};
		1E0CDB732E93979900BCC002 /* Release */ = {
			isa = XCBuildConfiguration;
			buildSettings = {
				CODE_SIGN_STYLE = Automatic;
				PRODUCT_NAME = "$(TARGET_NAME)";
			};
			name = Release;
		};
		1E17E6142E97CA0A00021FE4 /* Debug */ = {
			isa = XCBuildConfiguration;
			buildSettings = {
				ASSETCATALOG_COMPILER_GENERATE_SWIFT_ASSET_SYMBOL_EXTENSIONS = YES;
				CLANG_CXX_LANGUAGE_STANDARD = "gnu++20";
				CLANG_WARN_DOCUMENTATION_COMMENTS = YES;
				CLANG_WARN_QUOTED_INCLUDE_IN_FRAMEWORK_HEADER = NO;
				CODE_SIGN_STYLE = Automatic;
				CURRENT_PROJECT_VERSION = 1.0.0;
				ENABLE_USER_SCRIPT_SANDBOXING = YES;
				GCC_C_LANGUAGE_STANDARD = gnu17;
				GCC_PREPROCESSOR_DEFINITIONS = (
					"DEBUG=1",
					"$(inherited)",
				);
				GENERATE_INFOPLIST_FILE = YES;
				INFOPLIST_FILE = QCAInjector/Info.plist;
				INFOPLIST_KEY_NSHumanReadableCopyright = "";
				LOCALIZATION_PREFERS_STRING_CATALOGS = YES;
				MACOSX_DEPLOYMENT_TARGET = 11.5;
				MARKETING_VERSION = 1.0.0;
				MODULE_NAME = tommy.QCAInjector;
				MODULE_START = QCAInjector_start;
				MODULE_STOP = QCAInjector_stop;
				MODULE_VERSION = 1.0.0d1;
				PRODUCT_BUNDLE_IDENTIFIER = tommy.QCAInjector;
				PRODUCT_NAME = "$(TARGET_NAME)";
				RUN_CLANG_STATIC_ANALYZER = YES;
				STRING_CATALOG_GENERATE_SYMBOLS = YES;
				SWIFT_EMIT_LOC_STRINGS = YES;
				WRAPPER_EXTENSION = kext;
			};
			name = Debug;
		};
		1E17E6152E97CA0A00021FE4 /* Release */ = {
			isa = XCBuildConfiguration;
			buildSettings = {
				ASSETCATALOG_COMPILER_GENERATE_SWIFT_ASSET_SYMBOL_EXTENSIONS = YES;
				CLANG_CXX_LANGUAGE_STANDARD = "gnu++20";
				CLANG_WARN_DOCUMENTATION_COMMENTS = YES;
				CLANG_WARN_QUOTED_INCLUDE_IN_FRAMEWORK_HEADER = NO;
				CODE_SIGN_STYLE = Automatic;
				CURRENT_PROJECT_VERSION = 1.0.0;
				ENABLE_USER_SCRIPT_SANDBOXING = YES;
				GCC_C_LANGUAGE_STANDARD = gnu17;
				GENERATE_INFOPLIST_FILE = YES;
				INFOPLIST_FILE = QCAInjector/Info.plist;
				INFOPLIST_KEY_NSHumanReadableCopyright = "";
				LOCALIZATION_PREFERS_STRING_CATALOGS = YES;
				MACOSX_DEPLOYMENT_TARGET = 11.5;
				MARKETING_VERSION = 1.0.0;
				MODULE_NAME = tommy.QCAInjector;
				MODULE_START = QCAInjector_start;
				MODULE_STOP = QCAInjector_stop;
				MODULE_VERSION = 1.0.0d1;
				PRODUCT_BUNDLE_IDENTIFIER = tommy.QCAInjector;
				PRODUCT_NAME = "$(TARGET_NAME)";
				RUN_CLANG_STATIC_ANALYZER = YES;
				STRING_CATALOG_GENERATE_SYMBOLS = YES;
				SWIFT_EMIT_LOC_STRINGS = YES;
				WRAPPER_EXTENSION = kext;
			};
			name = Release;
		};
		1E347DA52E95CC6300624400 /* Debug */ = {
			isa = XCBuildConfiguration;
			buildSettings = {
				ARCHS = x86_64;
				CLANG_WARN_QUOTED_INCLUDE_IN_FRAMEWORK_HEADER = NO;
				CODE_SIGN_STYLE = Automatic;
				COMBINE_HIDPI_IMAGES = YES;
				CURRENT_PROJECT_VERSION = 1.0.1;
				HEADER_SEARCH_PATHS = "";
				INFOPLIST_FILE = QCAUSBTransport/Info.plist;
				KERNEL_EXTENSION_HEADER_SEARCH_PATHS = "$(PROJECT_DIR)/MacKernelSDK/Headers";
				KERNEL_FRAMEWORK_HEADERS = "$(PROJECT_DIR)/MacKernelSDK/Headers";
				LIBRARY_SEARCH_PATHS = "$(inherited)";
				MACOSX_DEPLOYMENT_TARGET = 10.15;
				MARKETING_VERSION = 1.0.1;
				MODULE_NAME = tommy.QCAUSBTransport;
				MODULE_VERSION = 1.0.1;
				PRODUCT_BUNDLE_IDENTIFIER = tommy.QCAUSBTransport;
				PRODUCT_NAME = "$(TARGET_NAME)";
				RUN_CLANG_STATIC_ANALYZER = YES;
				WRAPPER_EXTENSION = kext;
			};
			name = Debug;
		};
		1E347DA62E95CC6300624400 /* Release */ = {
			isa = XCBuildConfiguration;
			buildSettings = {
				ARCHS = x86_64;
				CLANG_WARN_QUOTED_INCLUDE_IN_FRAMEWORK_HEADER = NO;
				CODE_SIGN_STYLE = Automatic;
				COMBINE_HIDPI_IMAGES = YES;
				CURRENT_PROJECT_VERSION = 1.0.1;
				HEADER_SEARCH_PATHS = "";
				INFOPLIST_FILE = QCAUSBTransport/Info.plist;
				KERNEL_EXTENSION_HEADER_SEARCH_PATHS = "$(PROJECT_DIR)/MacKernelSDK/Headers";
				KERNEL_FRAMEWORK_HEADERS = "$(PROJECT_DIR)/MacKernelSDK/Headers";
				LIBRARY_SEARCH_PATHS = "$(inherited)";
				MACOSX_DEPLOYMENT_TARGET = 10.15;
				MARKETING_VERSION = 1.0.1;
				MODULE_NAME = tommy.QCAUSBTransport;
				MODULE_VERSION = 1.0.1;
				PRODUCT_BUNDLE_IDENTIFIER = tommy.QCAUSBTransport;
				PRODUCT_NAME = "$(TARGET_NAME)";
				RUN_CLANG_STATIC_ANALYZER = YES;
				WRAPPER_EXTENSION = kext;
			};
			name = Release;
		};
		3573FE3625223B8500DFC9F4 /* Debug */ = {
			isa = XCBuildConfiguration;
			buildSettings = {
				ALWAYS_SEARCH_USER_PATHS = NO;
				CLANG_ANALYZER_NONNULL = YES;
				CLANG_ANALYZER_NUMBER_OBJECT_CONVERSION = YES_AGGRESSIVE;
				CLANG_CXX_LANGUAGE_STANDARD = "gnu++14";
				CLANG_CXX_LIBRARY = "libc++";
				CLANG_ENABLE_MODULES = YES;
				CLANG_ENABLE_OBJC_ARC = YES;
				CLANG_ENABLE_OBJC_WEAK = YES;
				CLANG_WARN_BLOCK_CAPTURE_AUTORELEASING = YES;
				CLANG_WARN_BOOL_CONVERSION = YES;
				CLANG_WARN_COMMA = YES;
				CLANG_WARN_CONSTANT_CONVERSION = YES;
				CLANG_WARN_DEPRECATED_OBJC_IMPLEMENTATIONS = YES;
				CLANG_WARN_DIRECT_OBJC_ISA_USAGE = YES_ERROR;
				CLANG_WARN_EMPTY_BODY = YES;
				CLANG_WARN_ENUM_CONVERSION = YES;
				CLANG_WARN_INFINITE_RECURSION = YES;
				CLANG_WARN_INT_CONVERSION = YES;
				CLANG_WARN_NON_LITERAL_NULL_CONVERSION = YES;
				CLANG_WARN_OBJC_IMPLICIT_RETAIN_SELF = YES;
				CLANG_WARN_OBJC_LITERAL_CONVERSION = YES;
				CLANG_WARN_OBJC_ROOT_CLASS = YES_ERROR;
				CLANG_WARN_QUOTED_INCLUDE_IN_FRAMEWORK_HEADER = YES;
				CLANG_WARN_RANGE_LOOP_ANALYSIS = YES;
				CLANG_WARN_STRICT_PROTOTYPES = YES;
				CLANG_WARN_SUSPICIOUS_MOVE = YES;
				CLANG_WARN_UNGUARDED_AVAILABILITY = YES_AGGRESSIVE;
				CLANG_WARN_UNREACHABLE_CODE = YES;
				CLANG_WARN__DUPLICATE_METHOD_MATCH = YES;
				COPY_PHASE_STRIP = NO;
				CURRENT_PROJECT_VERSION = "$(MODULE_VERSION)";
				DEBUG_INFORMATION_FORMAT = dwarf;
				ENABLE_STRICT_OBJC_MSGSEND = YES;
				ENABLE_TESTABILITY = YES;
				GCC_C_LANGUAGE_STANDARD = gnu11;
				GCC_DYNAMIC_NO_PIC = NO;
				GCC_NO_COMMON_BLOCKS = YES;
				GCC_OPTIMIZATION_LEVEL = 0;
				GCC_PREPROCESSOR_DEFINITIONS = (
					"DEBUG=1",
					"MODULE_VERSION=$(MODULE_VERSION)",
					"PRODUCT_NAME=$(PRODUCT_NAME)",
					"$(inherited)",
				);
				GCC_WARN_64_TO_32_BIT_CONVERSION = YES;
				GCC_WARN_ABOUT_RETURN_TYPE = YES_ERROR;
				GCC_WARN_UNDECLARED_SELECTOR = YES;
				GCC_WARN_UNINITIALIZED_AUTOS = YES_AGGRESSIVE;
				GCC_WARN_UNUSED_FUNCTION = YES;
				GCC_WARN_UNUSED_VARIABLE = YES;
				MACOSX_DEPLOYMENT_TARGET = 10.11;
				MODULE_VERSION = 1.0.1;
				MTL_ENABLE_DEBUG_INFO = INCLUDE_SOURCE;
				MTL_FAST_MATH = YES;
				ONLY_ACTIVE_ARCH = YES;
				SDKROOT = macosx;
			};
			name = Debug;
		};
		3573FE3725223B8500DFC9F4 /* Release */ = {
			isa = XCBuildConfiguration;
			buildSettings = {
				ALWAYS_SEARCH_USER_PATHS = NO;
				CLANG_ANALYZER_NONNULL = YES;
				CLANG_ANALYZER_NUMBER_OBJECT_CONVERSION = YES_AGGRESSIVE;
				CLANG_CXX_LANGUAGE_STANDARD = "gnu++14";
				CLANG_CXX_LIBRARY = "libc++";
				CLANG_ENABLE_MODULES = YES;
				CLANG_ENABLE_OBJC_ARC = YES;
				CLANG_ENABLE_OBJC_WEAK = YES;
				CLANG_WARN_BLOCK_CAPTURE_AUTORELEASING = YES;
				CLANG_WARN_BOOL_CONVERSION = YES;
				CLANG_WARN_COMMA = YES;
				CLANG_WARN_CONSTANT_CONVERSION = YES;
				CLANG_WARN_DEPRECATED_OBJC_IMPLEMENTATIONS = YES;
				CLANG_WARN_DIRECT_OBJC_ISA_USAGE = YES_ERROR;
				CLANG_WARN_EMPTY_BODY = YES;
				CLANG_WARN_ENUM_CONVERSION = YES;
				CLANG_WARN_INFINITE_RECURSION = YES;
				CLANG_WARN_INT_CONVERSION = YES;
				CLANG_WARN_NON_LITERAL_NULL_CONVERSION = YES;
				CLANG_WARN_OBJC_IMPLICIT_RETAIN_SELF = YES;
				CLANG_WARN_OBJC_LITERAL_CONVERSION = YES;
				CLANG_WARN_OBJC_ROOT_CLASS = YES_ERROR;
				CLANG_WARN_QUOTED_INCLUDE_IN_FRAMEWORK_HEADER = YES;
				CLANG_WARN_RANGE_LOOP_ANALYSIS = YES;
				CLANG_WARN_STRICT_PROTOTYPES = YES;
				CLANG_WARN_SUSPICIOUS_MOVE = YES;
				CLANG_WARN_UNGUARDED_AVAILABILITY = YES_AGGRESSIVE;
				CLANG_WARN_UNREACHABLE_CODE = YES;
				CLANG_WARN__DUPLICATE_METHOD_MATCH = YES;
				COPY_PHASE_STRIP = NO;
				CURRENT_PROJECT_VERSION = "$(MODULE_VERSION)";
				DEBUG_INFORMATION_FORMAT = "dwarf-with-dsym";
				ENABLE_NS_ASSERTIONS = NO;
				ENABLE_STRICT_OBJC_MSGSEND = YES;
				GCC_C_LANGUAGE_STANDARD = gnu11;
				GCC_NO_COMMON_BLOCKS = YES;
				GCC_PREPROCESSOR_DEFINITIONS = (
					"MODULE_VERSION=$(MODULE_VERSION)",
					"PRODUCT_NAME=$(PRODUCT_NAME)",
					"$(inherited)",
				);
				GCC_WARN_64_TO_32_BIT_CONVERSION = YES;
				GCC_WARN_ABOUT_RETURN_TYPE = YES_ERROR;
				GCC_WARN_UNDECLARED_SELECTOR = YES;
				GCC_WARN_UNINITIALIZED_AUTOS = YES_AGGRESSIVE;
				GCC_WARN_UNUSED_FUNCTION = YES;
				GCC_WARN_UNUSED_VARIABLE = YES;
				MACOSX_DEPLOYMENT_TARGET = 10.11;
				MODULE_VERSION = 1.0.1;
				MTL_ENABLE_DEBUG_INFO = NO;
				MTL_FAST_MATH = YES;
				SDKROOT = macosx;
			};
			name = Release;
		};
		3573FE3925223B8500DFC9F4 /* Debug */ = {
			isa = XCBuildConfiguration;
			buildSettings = {
				ARCHS = x86_64;
				CLANG_WARN_QUOTED_INCLUDE_IN_FRAMEWORK_HEADER = NO;
				CODE_SIGN_STYLE = Automatic;
				COMBINE_HIDPI_IMAGES = YES;
				CURRENT_PROJECT_VERSION = 1.0.1;
				HEADER_SEARCH_PATHS = "";
				INFOPLIST_FILE = QCABluetooth/Info.plist;
				KERNEL_EXTENSION_HEADER_SEARCH_PATHS = "$(PROJECT_DIR)/MacKernelSDK/Headers";
				KERNEL_FRAMEWORK_HEADERS = "$(PROJECT_DIR)/MacKernelSDK/Headers";
				LIBRARY_SEARCH_PATHS = "$(inherited)";
				MACOSX_DEPLOYMENT_TARGET = 10.15;
				MARKETING_VERSION = 1.0.1;
				MODULE_NAME = tommy.QCABluetooth;
				MODULE_VERSION = 1.0.1;
				PRODUCT_BUNDLE_IDENTIFIER = tommy.QCABluetooth;
				PRODUCT_NAME = "$(TARGET_NAME)";
				RUN_CLANG_STATIC_ANALYZER = YES;
				WRAPPER_EXTENSION = kext;
			};
			name = Debug;
		};
		3573FE3A25223B8500DFC9F4 /* Release */ = {
			isa = XCBuildConfiguration;
			buildSettings = {
				ARCHS = x86_64;
				CLANG_WARN_QUOTED_INCLUDE_IN_FRAMEWORK_HEADER = NO;
				CODE_SIGN_STYLE = Automatic;
				COMBINE_HIDPI_IMAGES = YES;
				CURRENT_PROJECT_VERSION = 1.0.1;
				HEADER_SEARCH_PATHS = "";
				INFOPLIST_FILE = QCABluetooth/Info.plist;
				KERNEL_EXTENSION_HEADER_SEARCH_PATHS = "$(PROJECT_DIR)/MacKernelSDK/Headers";
				KERNEL_FRAMEWORK_HEADERS = "$(PROJECT_DIR)/MacKernelSDK/Headers";
				LIBRARY_SEARCH_PATHS = "$(inherited)";
				MACOSX_DEPLOYMENT_TARGET = 10.15;
				MARKETING_VERSION = 1.0.1;
				MODULE_NAME = tommy.QCABluetooth;
				MODULE_VERSION = 1.0.1;
				PRODUCT_BUNDLE_IDENTIFIER = tommy.QCABluetooth;
				PRODUCT_NAME = "$(TARGET_NAME)";
				RUN_CLANG_STATIC_ANALYZER = YES;
				WRAPPER_EXTENSION = kext;
			};
			name = Release;
		};
/* End XCBuildConfiguration section */

/* Begin XCConfigurationList section */
		1E0CDB712E93979900BCC002 /* Build configuration list for PBXAggregateTarget "qca_firmware_gen" */ = {
			isa = XCConfigurationList;
			buildConfigurations = (
				1E0CDB722E93979900BCC002 /* Debug */,
				1E0CDB732E93979900BCC002 /* Release */,
			);
			defaultConfigurationIsVisible = 0;
			defaultConfigurationName = Release;
		};
		1E17E6132E97CA0A00021FE4 /* Build configuration list for PBXNativeTarget "QCAInjector" */ = {
			isa = XCConfigurationList;
			buildConfigurations = (
				1E17E6142E97CA0A00021FE4 /* Debug */,
				1E17E6152E97CA0A00021FE4 /* Release */,
			);
			defaultConfigurationIsVisible = 0;
			defaultConfigurationName = Release;
		};
		1E347DA42E95CC6300624400 /* Build configuration list for PBXNativeTarget "QCAUSBTransport" */ = {
			isa = XCConfigurationList;
			buildConfigurations = (
				1E347DA52E95CC6300624400 /* Debug */,
				1E347DA62E95CC6300624400 /* Release */,
			);
			defaultConfigurationIsVisible = 0;
			defaultConfigurationName = Release;
		};
		3573FE2825223B8500DFC9F4 /* Build configuration list for PBXProject "QCABluetooth" */ = {
			isa = XCConfigurationList;
			buildConfigurations = (
				3573FE3625223B8500DFC9F4 /* Debug */,
				3573FE3725223B8500DFC9F4 /* Release */,
			);
			defaultConfigurationIsVisible = 0;
			defaultConfigurationName = Release;
		};
		3573FE3825223B8500DFC9F4 /* Build configuration list for PBXNativeTarget "QCABluetooth" */ = {
			isa = XCConfigurationList;
			buildConfigurations = (
				3573FE3925223B8500DFC9F4 /* Debug */,
				3573FE3A25223B8500DFC9F4 /* Release */,
			);
			defaultConfigurationIsVisible = 0;
			defaultConfigurationName = Release;
		};
/* End XCConfigurationList section */
	};
	rootObject = 3573FE2525223B8500DFC9F4 /* Project object */;
}
