// !$*UTF8*$!
{
	archiveVersion = 1;
	classes = {
	};
	objectVersion = 50;
	objects = {

/* Begin PBXBuildFile section */
		1E194C242E2D344D00FAA118 /* AsusFnKeyListener.hpp in Headers */ = {isa = PBXBuildFile; fileRef = 1E194C232E2D344A00FAA118 /* AsusFnKeyListener.hpp */; };
		1E194C262E2D347E00FAA118 /* AsusFnKeyListener.cpp in Sources */ = {isa = PBXBuildFile; fileRef = 1E194C252E2D347A00FAA118 /* AsusFnKeyListener.cpp */; };
		1EF18CF72E1A57A8001BC22C /* AsusHIDHotkey.cpp in Resources */ = {isa = PBXBuildFile; fileRef = 1EF18CF62E1A57A8001BC22C /* AsusHIDHotkey.cpp */; };
		1EF18CF92E1A57CA001BC22C /* AsusHIDHotkey.hpp in Resources */ = {isa = PBXBuildFile; fileRef = 1EF18CF82E1A57CA001BC22C /* AsusHIDHotkey.hpp */; };
		4C17428122C85E6E00469B7E /* HIDUsageTables.h in Headers */ = {isa = PBXBuildFile; fileRef = 4C17428022C85E6E00469B7E /* HIDUsageTables.h */; };
		4C4FE6252156A1690074AD08 /* AsusFn.hpp in Headers */ = {isa = PBXBuildFile; fileRef = 4C4FE6242156A1690074AD08 /* AsusFn.hpp */; };
		4C4FE6272156A1690074AD08 /* AsusFn.cpp in Sources */ = {isa = PBXBuildFile; fileRef = 4C4FE6262156A1690074AD08 /* AsusFn.cpp */; };
		4C4FE6A02156A3AD0074AD08 /* KernEventServer.cpp in Sources */ = {isa = PBXBuildFile; fileRef = 4C4FE69E2156A3AD0074AD08 /* KernEventServer.cpp */; };
		4C4FE6A12156A3AD0074AD08 /* KernEventServer.hpp in Headers */ = {isa = PBXBuildFile; fileRef = 4C4FE69F2156A3AD0074AD08 /* KernEventServer.hpp */; };
		4C4FE6A62156A4340074AD08 /* VirtualAppleKeyboard.cpp in Sources */ = {isa = PBXBuildFile; fileRef = 4C4FE6A32156A4340074AD08 /* VirtualAppleKeyboard.cpp */; };
		4C4FE6A72156A4340074AD08 /* VirtualAppleKeyboard.hpp in Headers */ = {isa = PBXBuildFile; fileRef = 4C4FE6A42156A4340074AD08 /* VirtualAppleKeyboard.hpp */; };
		4C4FE6A82156A4340074AD08 /* HIDReport.hpp in Headers */ = {isa = PBXBuildFile; fileRef = 4C4FE6A52156A4340074AD08 /* HIDReport.hpp */; };
		4C4FE6C02156A5820074AD08 /* KeyImplementations.cpp in Sources */ = {isa = PBXBuildFile; fileRef = 4C4FE6BE2156A5820074AD08 /* KeyImplementations.cpp */; };
		4C4FE6C12156A5820074AD08 /* KeyImplementations.hpp in Headers */ = {isa = PBXBuildFile; fileRef = 4C4FE6BF2156A5820074AD08 /* KeyImplementations.hpp */; };
		4CA82AB2251A07F300B02E1C /* libkmod.a in Frameworks */ = {isa = PBXBuildFile; fileRef = 4CA82AB1251A07F000B02E1C /* libkmod.a */; };
/* End PBXBuildFile section */

/* Begin PBXCopyFilesBuildPhase section */
		4CC5A8C1244611D300AB526E /* CopyFiles */ = {
			isa = PBXCopyFilesBuildPhase;
			buildActionMask = 2147483647;
			dstPath = "";
			dstSubfolderSpec = 16;
			files = (
			);
			runOnlyForDeploymentPostprocessing = 0;
		};
/* End PBXCopyFilesBuildPhase section */

/* Begin PBXFileReference section */
		1E0CAAF42E2D2B0B00280E48 /* capstone */ = {isa = PBXFileReference; lastKnownFileType = text; path = capstone; sourceTree = "<group>"; };
		1E0CAAF52E2D2B0B00280E48 /* hde32.h */ = {isa = PBXFileReference; lastKnownFileType = sourcecode.c.h; path = hde32.h; sourceTree = "<group>"; };
		1E0CAAF62E2D2B0B00280E48 /* hde64.h */ = {isa = PBXFileReference; lastKnownFileType = sourcecode.c.h; path = hde64.h; sourceTree = "<group>"; };
		1E0CAAF72E2D2B0B00280E48 /* kern_api.hpp */ = {isa = PBXFileReference; lastKnownFileType = sourcecode.cpp.h; path = kern_api.hpp; sourceTree = "<group>"; };
		1E0CAAF82E2D2B0B00280E48 /* kern_compat.hpp */ = {isa = PBXFileReference; lastKnownFileType = sourcecode.cpp.h; path = kern_compat.hpp; sourceTree = "<group>"; };
		1E0CAAF92E2D2B0B00280E48 /* kern_compression.hpp */ = {isa = PBXFileReference; lastKnownFileType = sourcecode.cpp.h; path = kern_compression.hpp; sourceTree = "<group>"; };
		1E0CAAFA2E2D2B0B00280E48 /* kern_config.hpp */ = {isa = PBXFileReference; lastKnownFileType = sourcecode.cpp.h; path = kern_config.hpp; sourceTree = "<group>"; };
		1E0CAAFB2E2D2B0B00280E48 /* kern_cpu.hpp */ = {isa = PBXFileReference; lastKnownFileType = sourcecode.cpp.h; path = kern_cpu.hpp; sourceTree = "<group>"; };
		1E0CAAFC2E2D2B0B00280E48 /* kern_crypto.hpp */ = {isa = PBXFileReference; lastKnownFileType = sourcecode.cpp.h; path = kern_crypto.hpp; sourceTree = "<group>"; };
		1E0CAAFD2E2D2B0B00280E48 /* kern_devinfo.hpp */ = {isa = PBXFileReference; lastKnownFileType = sourcecode.cpp.h; path = kern_devinfo.hpp; sourceTree = "<group>"; };
		1E0CAAFE2E2D2B0B00280E48 /* kern_disasm.hpp */ = {isa = PBXFileReference; lastKnownFileType = sourcecode.cpp.h; path = kern_disasm.hpp; sourceTree = "<group>"; };
		1E0CAAFF2E2D2B0B00280E48 /* kern_efi.hpp */ = {isa = PBXFileReference; lastKnownFileType = sourcecode.cpp.h; path = kern_efi.hpp; sourceTree = "<group>"; };
		1E0CAB002E2D2B0B00280E48 /* kern_file.hpp */ = {isa = PBXFileReference; lastKnownFileType = sourcecode.cpp.h; path = kern_file.hpp; sourceTree = "<group>"; };
		1E0CAB012E2D2B0B00280E48 /* kern_iokit.hpp */ = {isa = PBXFileReference; lastKnownFileType = sourcecode.cpp.h; path = kern_iokit.hpp; sourceTree = "<group>"; };
		1E0CAB022E2D2B0B00280E48 /* kern_mach.hpp */ = {isa = PBXFileReference; lastKnownFileType = sourcecode.cpp.h; path = kern_mach.hpp; sourceTree = "<group>"; };
		1E0CAB032E2D2B0B00280E48 /* kern_nvram.hpp */ = {isa = PBXFileReference; lastKnownFileType = sourcecode.cpp.h; path = kern_nvram.hpp; sourceTree = "<group>"; };
		1E0CAB042E2D2B0B00280E48 /* kern_patcher.hpp */ = {isa = PBXFileReference; lastKnownFileType = sourcecode.cpp.h; path = kern_patcher.hpp; sourceTree = "<group>"; };
		1E0CAB052E2D2B0B00280E48 /* kern_policy.hpp */ = {isa = PBXFileReference; lastKnownFileType = sourcecode.cpp.h; path = kern_policy.hpp; sourceTree = "<group>"; };
		1E0CAB062E2D2B0B00280E48 /* kern_rtc.hpp */ = {isa = PBXFileReference; lastKnownFileType = sourcecode.cpp.h; path = kern_rtc.hpp; sourceTree = "<group>"; };
		1E0CAB072E2D2B0B00280E48 /* kern_time.hpp */ = {isa = PBXFileReference; lastKnownFileType = sourcecode.cpp.h; path = kern_time.hpp; sourceTree = "<group>"; };
		1E0CAB082E2D2B0B00280E48 /* kern_user.hpp */ = {isa = PBXFileReference; lastKnownFileType = sourcecode.cpp.h; path = kern_user.hpp; sourceTree = "<group>"; };
		1E0CAB092E2D2B0B00280E48 /* kern_util.hpp */ = {isa = PBXFileReference; lastKnownFileType = sourcecode.cpp.h; path = kern_util.hpp; sourceTree = "<group>"; };
		1E0CAB0A2E2D2B0B00280E48 /* kern_version.hpp */ = {isa = PBXFileReference; lastKnownFileType = sourcecode.cpp.h; path = kern_version.hpp; sourceTree = "<group>"; };
		1E0CAB0B2E2D2B0B00280E48 /* plugin_start.hpp */ = {isa = PBXFileReference; lastKnownFileType = sourcecode.cpp.h; path = plugin_start.hpp; sourceTree = "<group>"; };
		1E0CAB0D2E2D2B1B00280E48 /* build.tool */ = {isa = PBXFileReference; lastKnownFileType = text.script.sh; path = build.tool; sourceTree = "<group>"; };
		1E0CAB0E2E2D2B1B00280E48 /* entry32.S */ = {isa = PBXFileReference; lastKnownFileType = sourcecode.asm; path = entry32.S; sourceTree = "<group>"; };
		1E0CAB0F2E2D2B1B00280E48 /* entry64.S */ = {isa = PBXFileReference; lastKnownFileType = sourcecode.asm; path = entry64.S; sourceTree = "<group>"; };
		1E0CAB102E2D2B1B00280E48 /* wrappers.inc */ = {isa = PBXFileReference; lastKnownFileType = sourcecode.pascal; path = wrappers.inc; sourceTree = "<group>"; };
		1E0CAB122E2D2B1B00280E48 /* plugin_start.cpp */ = {isa = PBXFileReference; lastKnownFileType = sourcecode.cpp.cpp; path = plugin_start.cpp; sourceTree = "<group>"; };
		1E0CAB142E2D2B2600280E48 /* AppleSmc.h */ = {isa = PBXFileReference; lastKnownFileType = sourcecode.c.h; path = AppleSmc.h; sourceTree = "<group>"; };
		1E0CAB152E2D2B2600280E48 /* AppleSmcBridge.hpp */ = {isa = PBXFileReference; lastKnownFileType = sourcecode.cpp.h; path = AppleSmcBridge.hpp; sourceTree = "<group>"; };
		1E0CAB162E2D2B2600280E48 /* kern_keyvalue.hpp */ = {isa = PBXFileReference; lastKnownFileType = sourcecode.cpp.h; path = kern_keyvalue.hpp; sourceTree = "<group>"; };
		1E0CAB172E2D2B2600280E48 /* kern_smcinfo.hpp */ = {isa = PBXFileReference; lastKnownFileType = sourcecode.cpp.h; path = kern_smcinfo.hpp; sourceTree = "<group>"; };
		1E0CAB182E2D2B2600280E48 /* kern_value.hpp */ = {isa = PBXFileReference; lastKnownFileType = sourcecode.cpp.h; path = kern_value.hpp; sourceTree = "<group>"; };
		1E0CAB192E2D2B2600280E48 /* kern_vsmcapi.hpp */ = {isa = PBXFileReference; lastKnownFileType = sourcecode.cpp.h; path = kern_vsmcapi.hpp; sourceTree = "<group>"; };
		1E194C232E2D344A00FAA118 /* AsusFnKeyListener.hpp */ = {isa = PBXFileReference; lastKnownFileType = sourcecode.cpp.h; path = AsusFnKeyListener.hpp; sourceTree = "<group>"; };
		1E194C252E2D347A00FAA118 /* AsusFnKeyListener.cpp */ = {isa = PBXFileReference; lastKnownFileType = sourcecode.cpp.cpp; path = AsusFnKeyListener.cpp; sourceTree = "<group>"; };
		1EF18CF62E1A57A8001BC22C /* AsusHIDHotkey.cpp */ = {isa = PBXFileReference; lastKnownFileType = sourcecode.cpp.cpp; path = AsusHIDHotkey.cpp; sourceTree = "<group>"; };
		1EF18CF82E1A57CA001BC22C /* AsusHIDHotkey.hpp */ = {isa = PBXFileReference; lastKnownFileType = sourcecode.cpp.h; path = AsusHIDHotkey.hpp; sourceTree = "<group>"; };
		4C17428022C85E6E00469B7E /* HIDUsageTables.h */ = {isa = PBXFileReference; lastKnownFileType = sourcecode.c.h; path = HIDUsageTables.h; sourceTree = "<group>"; };
		4C27D2BF218B647F0089409B /* LICENSE.md */ = {isa = PBXFileReference; lastKnownFileType = net.daringfireball.markdown; path = LICENSE.md; sourceTree = "<group>"; };
		4C4FCB272326880C0010505E /* CoreServices.framework */ = {isa = PBXFileReference; lastKnownFileType = wrapper.framework; name = CoreServices.framework; path = System/Library/Frameworks/CoreServices.framework; sourceTree = SDKROOT; };
		4C4FCB29232688390010505E /* AppKit.framework */ = {isa = PBXFileReference; lastKnownFileType = wrapper.framework; name = AppKit.framework; path = System/Library/Frameworks/AppKit.framework; sourceTree = SDKROOT; };
		4C4FE6212156A1690074AD08 /* AsusFn.kext */ = {isa = PBXFileReference; explicitFileType = wrapper.cfbundle; includeInIndex = 0; path = AsusFn.kext; sourceTree = BUILT_PRODUCTS_DIR; };
		4C4FE6242156A1690074AD08 /* AsusFn.hpp */ = {isa = PBXFileReference; lastKnownFileType = sourcecode.cpp.h; path = AsusFn.hpp; sourceTree = "<group>"; };
		4C4FE6262156A1690074AD08 /* AsusFn.cpp */ = {isa = PBXFileReference; lastKnownFileType = sourcecode.cpp.cpp; path = AsusFn.cpp; sourceTree = "<group>"; };
		4C4FE6282156A1690074AD08 /* Info.plist */ = {isa = PBXFileReference; lastKnownFileType = text.plist.xml; path = Info.plist; sourceTree = "<group>"; };
		4C4FE69E2156A3AD0074AD08 /* KernEventServer.cpp */ = {isa = PBXFileReference; lastKnownFileType = sourcecode.cpp.cpp; path = KernEventServer.cpp; sourceTree = "<group>"; };
		4C4FE69F2156A3AD0074AD08 /* KernEventServer.hpp */ = {isa = PBXFileReference; lastKnownFileType = sourcecode.cpp.h; path = KernEventServer.hpp; sourceTree = "<group>"; };
		4C4FE6A32156A4340074AD08 /* VirtualAppleKeyboard.cpp */ = {isa = PBXFileReference; fileEncoding = 4; lastKnownFileType = sourcecode.cpp.cpp; path = VirtualAppleKeyboard.cpp; sourceTree = "<group>"; };
		4C4FE6A42156A4340074AD08 /* VirtualAppleKeyboard.hpp */ = {isa = PBXFileReference; fileEncoding = 4; lastKnownFileType = sourcecode.cpp.h; path = VirtualAppleKeyboard.hpp; sourceTree = "<group>"; };
		4C4FE6A52156A4340074AD08 /* HIDReport.hpp */ = {isa = PBXFileReference; fileEncoding = 4; lastKnownFileType = sourcecode.cpp.h; path = HIDReport.hpp; sourceTree = "<group>"; };
		4C4FE6B52156A4A20074AD08 /* IOBluetooth.framework */ = {isa = PBXFileReference; lastKnownFileType = wrapper.framework; name = IOBluetooth.framework; path = System/Library/Frameworks/IOBluetooth.framework; sourceTree = SDKROOT; };
		4C4FE6B72156A4A70074AD08 /* CoreWLAN.framework */ = {isa = PBXFileReference; lastKnownFileType = wrapper.framework; name = CoreWLAN.framework; path = System/Library/Frameworks/CoreWLAN.framework; sourceTree = SDKROOT; };
		4C4FE6BE2156A5820074AD08 /* KeyImplementations.cpp */ = {isa = PBXFileReference; fileEncoding = 4; lastKnownFileType = sourcecode.cpp.cpp; path = KeyImplementations.cpp; sourceTree = "<group>"; };
		4C4FE6BF2156A5820074AD08 /* KeyImplementations.hpp */ = {isa = PBXFileReference; fileEncoding = 4; lastKnownFileType = sourcecode.cpp.h; path = KeyImplementations.hpp; sourceTree = "<group>"; };
		4C4FE6C22156AA810074AD08 /* README.md */ = {isa = PBXFileReference; lastKnownFileType = net.daringfireball.markdown; path = README.md; sourceTree = "<group>"; };
		4CA82AB1251A07F000B02E1C /* libkmod.a */ = {isa = PBXFileReference; lastKnownFileType = archive.ar; name = libkmod.a; path = MacKernelSDK/Library/x86_64/libkmod.a; sourceTree = "<group>"; };
/* End PBXFileReference section */

/* Begin PBXFrameworksBuildPhase section */
		4C4FE61E2156A1690074AD08 /* Frameworks */ = {
			isa = PBXFrameworksBuildPhase;
			buildActionMask = 2147483647;
			files = (
				4CA82AB2251A07F300B02E1C /* libkmod.a in Frameworks */,
			);
			runOnlyForDeploymentPostprocessing = 0;
		};
/* End PBXFrameworksBuildPhase section */

/* Begin PBXGroup section */
		1E0CAB0C2E2D2B0B00280E48 /* Headers */ = {
			isa = PBXGroup;
			children = (
				1E0CAAF42E2D2B0B00280E48 /* capstone */,
				1E0CAAF52E2D2B0B00280E48 /* hde32.h */,
				1E0CAAF62E2D2B0B00280E48 /* hde64.h */,
				1E0CAAF72E2D2B0B00280E48 /* kern_api.hpp */,
				1E0CAAF82E2D2B0B00280E48 /* kern_compat.hpp */,
				1E0CAAF92E2D2B0B00280E48 /* kern_compression.hpp */,
				1E0CAAFA2E2D2B0B00280E48 /* kern_config.hpp */,
				1E0CAAFB2E2D2B0B00280E48 /* kern_cpu.hpp */,
				1E0CAAFC2E2D2B0B00280E48 /* kern_crypto.hpp */,
				1E0CAAFD2E2D2B0B00280E48 /* kern_devinfo.hpp */,
				1E0CAAFE2E2D2B0B00280E48 /* kern_disasm.hpp */,
				1E0CAAFF2E2D2B0B00280E48 /* kern_efi.hpp */,
				1E0CAB002E2D2B0B00280E48 /* kern_file.hpp */,
				1E0CAB012E2D2B0B00280E48 /* kern_iokit.hpp */,
				1E0CAB022E2D2B0B00280E48 /* kern_mach.hpp */,
				1E0CAB032E2D2B0B00280E48 /* kern_nvram.hpp */,
				1E0CAB042E2D2B0B00280E48 /* kern_patcher.hpp */,
				1E0CAB052E2D2B0B00280E48 /* kern_policy.hpp */,
				1E0CAB062E2D2B0B00280E48 /* kern_rtc.hpp */,
				1E0CAB072E2D2B0B00280E48 /* kern_time.hpp */,
				1E0CAB082E2D2B0B00280E48 /* kern_user.hpp */,
				1E0CAB092E2D2B0B00280E48 /* kern_util.hpp */,
				1E0CAB0A2E2D2B0B00280E48 /* kern_version.hpp */,
				1E0CAB0B2E2D2B0B00280E48 /* plugin_start.hpp */,
			);
			name = Headers;
			path = SDK/Headers;
			sourceTree = "<group>";
		};
		1E0CAB112E2D2B1B00280E48 /* wrappers */ = {
			isa = PBXGroup;
			children = (
				1E0CAB0D2E2D2B1B00280E48 /* build.tool */,
				1E0CAB0E2E2D2B1B00280E48 /* entry32.S */,
				1E0CAB0F2E2D2B1B00280E48 /* entry64.S */,
				1E0CAB102E2D2B1B00280E48 /* wrappers.inc */,
			);
			path = wrappers;
			sourceTree = "<group>";
		};
		1E0CAB132E2D2B1B00280E48 /* Library */ = {
			isa = PBXGroup;
			children = (
				1E0CAB112E2D2B1B00280E48 /* wrappers */,
				1E0CAB122E2D2B1B00280E48 /* plugin_start.cpp */,
			);
			name = Library;
			path = SDK/Library;
			sourceTree = "<group>";
		};
		1E0CAB1A2E2D2B2600280E48 /* VirtualSMCSDK */ = {
			isa = PBXGroup;
			children = (
				1E0CAB142E2D2B2600280E48 /* AppleSmc.h */,
				1E0CAB152E2D2B2600280E48 /* AppleSmcBridge.hpp */,
				1E0CAB162E2D2B2600280E48 /* kern_keyvalue.hpp */,
				1E0CAB172E2D2B2600280E48 /* kern_smcinfo.hpp */,
				1E0CAB182E2D2B2600280E48 /* kern_value.hpp */,
				1E0CAB192E2D2B2600280E48 /* kern_vsmcapi.hpp */,
			);
			name = VirtualSMCSDK;
			path = SDK/VirtualSMCSDK;
			sourceTree = "<group>";
		};
		4C4FE6172156A1690074AD08 = {
			isa = PBXGroup;
			children = (
				4CE3969E22CCAB5C00693C33 /* Global */,
				4C4FE6232156A1690074AD08 /* AsusFn */,
				4C4FE69D2156A3970074AD08 /* KernEventServer */,
				4C4FE6A22156A4270074AD08 /* VirtualAppleKeyboard */,
				4C4FE62E2156A2980074AD08 /* SDK */,
				4C4FE6222156A1690074AD08 /* Products */,
				4C4FE6B42156A4A20074AD08 /* Frameworks */,
				4C4FE6C22156AA810074AD08 /* README.md */,
				4C27D2BF218B647F0089409B /* LICENSE.md */,
			);
			sourceTree = "<group>";
		};
		4C4FE6222156A1690074AD08 /* Products */ = {
			isa = PBXGroup;
			children = (
				4C4FE6212156A1690074AD08 /* AsusFn.kext */,
			);
			name = Products;
			sourceTree = "<group>";
		};
		4C4FE6232156A1690074AD08 /* AsusFn */ = {
			isa = PBXGroup;
			children = (
				1E194C252E2D347A00FAA118 /* AsusFnKeyListener.cpp */,
				1E194C232E2D344A00FAA118 /* AsusFnKeyListener.hpp */,
				1EF18CF82E1A57CA001BC22C /* AsusHIDHotkey.hpp */,
				1EF18CF62E1A57A8001BC22C /* AsusHIDHotkey.cpp */,
				4C4FE6262156A1690074AD08 /* AsusFn.cpp */,
				4C4FE6242156A1690074AD08 /* AsusFn.hpp */,
				4C4FE6BE2156A5820074AD08 /* KeyImplementations.cpp */,
				4C4FE6BF2156A5820074AD08 /* KeyImplementations.hpp */,
				4C4FE6282156A1690074AD08 /* Info.plist */,
			);
			path = AsusFn;
			sourceTree = "<group>";
		};
		4C4FE62E2156A2980074AD08 /* SDK */ = {
			isa = PBXGroup;
			children = (
				1E0CAB1A2E2D2B2600280E48 /* VirtualSMCSDK */,
				1E0CAB132E2D2B1B00280E48 /* Library */,
				1E0CAB0C2E2D2B0B00280E48 /* Headers */,
			);
			name = SDK;
			sourceTree = "<group>";
		};
		4C4FE69D2156A3970074AD08 /* KernEventServer */ = {
			isa = PBXGroup;
			children = (
				4C4FE69E2156A3AD0074AD08 /* KernEventServer.cpp */,
				4C4FE69F2156A3AD0074AD08 /* KernEventServer.hpp */,
			);
			path = KernEventServer;
			sourceTree = "<group>";
		};
		4C4FE6A22156A4270074AD08 /* VirtualAppleKeyboard */ = {
			isa = PBXGroup;
			children = (
				4C4FE6A32156A4340074AD08 /* VirtualAppleKeyboard.cpp */,
				4C4FE6A42156A4340074AD08 /* VirtualAppleKeyboard.hpp */,
			);
			path = VirtualAppleKeyboard;
			sourceTree = "<group>";
		};
		4C4FE6B42156A4A20074AD08 /* Frameworks */ = {
			isa = PBXGroup;
			children = (
				4CA82AB1251A07F000B02E1C /* libkmod.a */,
				4C4FCB29232688390010505E /* AppKit.framework */,
				4C4FCB272326880C0010505E /* CoreServices.framework */,
				4C4FE6B72156A4A70074AD08 /* CoreWLAN.framework */,
				4C4FE6B52156A4A20074AD08 /* IOBluetooth.framework */,
			);
			name = Frameworks;
			sourceTree = "<group>";
		};
		4CE3969E22CCAB5C00693C33 /* Global */ = {
			isa = PBXGroup;
			children = (
				4C17428022C85E6E00469B7E /* HIDUsageTables.h */,
				4C4FE6A52156A4340074AD08 /* HIDReport.hpp */,
			);
			path = Global;
			sourceTree = "<group>";
		};
/* End PBXGroup section */

/* Begin PBXHeadersBuildPhase section */
		4C4FE61C2156A1690074AD08 /* Headers */ = {
			isa = PBXHeadersBuildPhase;
			buildActionMask = 2147483647;
			files = (
				4C4FE6A82156A4340074AD08 /* HIDReport.hpp in Headers */,
				4C4FE6A12156A3AD0074AD08 /* KernEventServer.hpp in Headers */,
				4C17428122C85E6E00469B7E /* HIDUsageTables.h in Headers */,
				1E194C242E2D344D00FAA118 /* AsusFnKeyListener.hpp in Headers */,
				4C4FE6252156A1690074AD08 /* AsusFn.hpp in Headers */,
				4C4FE6C12156A5820074AD08 /* KeyImplementations.hpp in Headers */,
				4C4FE6A72156A4340074AD08 /* VirtualAppleKeyboard.hpp in Headers */,
			);
			runOnlyForDeploymentPostprocessing = 0;
		};
/* End PBXHeadersBuildPhase section */

/* Begin PBXNativeTarget section */
		4C4FE6202156A1690074AD08 /* AsusFn */ = {
			isa = PBXNativeTarget;
			buildConfigurationList = 4C4FE62B2156A1690074AD08 /* Build configuration list for PBXNativeTarget "AsusFn" */;
			buildPhases = (
				4C4FE61C2156A1690074AD08 /* Headers */,
				4C4FE61D2156A1690074AD08 /* Sources */,
				4C4FE61E2156A1690074AD08 /* Frameworks */,
				4C4FE61F2156A1690074AD08 /* Resources */,
				4CC5A8C1244611D300AB526E /* CopyFiles */,
				4C8C666424460F3C00D694EB /* Archive */,
			);
			buildRules = (
			);
			dependencies = (
			);
			name = AsusFn;
			productName = AsusSMC;
			productReference = 4C4FE6212156A1690074AD08 /* AsusFn.kext */;
			productType = "com.apple.product-type.kernel-extension";
		};
/* End PBXNativeTarget section */

/* Begin PBXProject section */
		4C4FE6182156A1690074AD08 /* Project object */ = {
			isa = PBXProject;
			attributes = {
				LastUpgradeCheck = 1200;
				ORGANIZATIONNAME = "Le Bao Hiep";
				TargetAttributes = {
					4C4FE6202156A1690074AD08 = {
						CreatedOnToolsVersion = 10.0;
					};
				};
			};
			buildConfigurationList = 4C4FE61B2156A1690074AD08 /* Build configuration list for PBXProject "AsusFn" */;
			compatibilityVersion = "Xcode 9.3";
			developmentRegion = en;
			hasScannedForEncodings = 0;
			knownRegions = (
				en,
				Base,
			);
			mainGroup = 4C4FE6172156A1690074AD08;
			productRefGroup = 4C4FE6222156A1690074AD08 /* Products */;
			projectDirPath = "";
			projectRoot = "";
			targets = (
				4C4FE6202156A1690074AD08 /* AsusFn */,
			);
		};
/* End PBXProject section */

/* Begin PBXResourcesBuildPhase section */
		4C4FE61F2156A1690074AD08 /* Resources */ = {
			isa = PBXResourcesBuildPhase;
			buildActionMask = 2147483647;
			files = (
				1EF18CF92E1A57CA001BC22C /* AsusHIDHotkey.hpp in Resources */,
				1EF18CF72E1A57A8001BC22C /* AsusHIDHotkey.cpp in Resources */,
			);
			runOnlyForDeploymentPostprocessing = 0;
		};
/* End PBXResourcesBuildPhase section */

/* Begin PBXShellScriptBuildPhase section */
		4C8C666424460F3C00D694EB /* Archive */ = {
			isa = PBXShellScriptBuildPhase;
			buildActionMask = 2147483647;
			files = (
			);
			inputFileListPaths = (
			);
			inputPaths = (
			);
			name = Archive;
			outputFileListPaths = (
			);
			outputPaths = (
			);
			runOnlyForDeploymentPostprocessing = 0;
			shellPath = /bin/sh;
			shellScript = "cd \"${TARGET_BUILD_DIR}\"\n\narchive=\"${PRODUCT_NAME}-${MODULE_VERSION}-$(echo $CONFIGURATION | tr /a-z/ /A-Z/).zip\"\nrm -rf *.zip\nif [ \"$CONFIGURATION\" == \"Release\" ]; then\n  strip -x -T \"${EXECUTABLE_PATH}\" &>/dev/null || strip -x \"${EXECUTABLE_PATH}\"\nfi\nzip -qry -FS \"${archive}\" *\n";
		};
/* End PBXShellScriptBuildPhase section */

/* Begin PBXSourcesBuildPhase section */
		4C4FE61D2156A1690074AD08 /* Sources */ = {
			isa = PBXSourcesBuildPhase;
			buildActionMask = 2147483647;
			files = (
				4C4FE6272156A1690074AD08 /* AsusFn.cpp in Sources */,
				4C4FE6C02156A5820074AD08 /* KeyImplementations.cpp in Sources */,
				4C4FE6A62156A4340074AD08 /* VirtualAppleKeyboard.cpp in Sources */,
				1E194C262E2D347E00FAA118 /* AsusFnKeyListener.cpp in Sources */,
				4C4FE6A02156A3AD0074AD08 /* KernEventServer.cpp in Sources */,
			);
			runOnlyForDeploymentPostprocessing = 0;
		};
/* End PBXSourcesBuildPhase section */

/* Begin XCBuildConfiguration section */
		4C4FE6292156A1690074AD08 /* Debug */ = {
			isa = XCBuildConfiguration;
			buildSettings = {
				ALWAYS_SEARCH_USER_PATHS = NO;
				CLANG_ANALYZER_NONNULL = YES;
				CLANG_ANALYZER_NUMBER_OBJECT_CONVERSION = YES_AGGRESSIVE;
				CLANG_CXX_LANGUAGE_STANDARD = "gnu++14";
				CLANG_CXX_LIBRARY = "libc++";
				CLANG_ENABLE_OBJC_ARC = YES;
				CLANG_ENABLE_OBJC_WEAK = YES;
				CLANG_WARN_BLOCK_CAPTURE_AUTORELEASING = YES;
				CLANG_WARN_BOOL_CONVERSION = YES;
				CLANG_WARN_COMMA = YES;
				CLANG_WARN_CONSTANT_CONVERSION = YES;
				CLANG_WARN_DEPRECATED_OBJC_IMPLEMENTATIONS = YES;
				CLANG_WARN_DIRECT_OBJC_ISA_USAGE = YES_ERROR;
				CLANG_WARN_EMPTY_BODY = YES;
				CLANG_WARN_ENUM_CONVERSION = YES;
				CLANG_WARN_INFINITE_RECURSION = YES;
				CLANG_WARN_INT_CONVERSION = YES;
				CLANG_WARN_NON_LITERAL_NULL_CONVERSION = YES;
				CLANG_WARN_OBJC_IMPLICIT_RETAIN_SELF = YES;
				CLANG_WARN_OBJC_LITERAL_CONVERSION = YES;
				CLANG_WARN_OBJC_ROOT_CLASS = YES_ERROR;
				CLANG_WARN_QUOTED_INCLUDE_IN_FRAMEWORK_HEADER = YES;
				CLANG_WARN_RANGE_LOOP_ANALYSIS = YES;
				CLANG_WARN_STRICT_PROTOTYPES = YES;
				CLANG_WARN_SUSPICIOUS_MOVE = YES;
				CLANG_WARN_UNGUARDED_AVAILABILITY = YES_AGGRESSIVE;
				CLANG_WARN_UNREACHABLE_CODE = YES;
				CLANG_WARN__DUPLICATE_METHOD_MATCH = YES;
				COPY_PHASE_STRIP = NO;
				CURRENT_PROJECT_VERSION = 1.4.1;
				DEBUG_INFORMATION_FORMAT = dwarf;
				ENABLE_STRICT_OBJC_MSGSEND = YES;
				ENABLE_TESTABILITY = YES;
				GCC_C_LANGUAGE_STANDARD = gnu11;
				GCC_DYNAMIC_NO_PIC = NO;
				GCC_NO_COMMON_BLOCKS = YES;
				GCC_OPTIMIZATION_LEVEL = 0;
				GCC_PREPROCESSOR_DEFINITIONS = (
					"DEBUG=1",
					"$(inherited)",
				);
				GCC_WARN_64_TO_32_BIT_CONVERSION = YES;
				GCC_WARN_ABOUT_RETURN_TYPE = YES_ERROR;
				GCC_WARN_UNDECLARED_SELECTOR = YES;
				GCC_WARN_UNINITIALIZED_AUTOS = YES_AGGRESSIVE;
				GCC_WARN_UNUSED_FUNCTION = YES;
				GCC_WARN_UNUSED_VARIABLE = YES;
				HEADER_SEARCH_PATHS = "$(PROJECT_DIR)/SDK/Headers";
				KERNEL_EXTENSION_HEADER_SEARCH_PATHS = "$(PROJECT_DIR)/MacKernelSDK/Headers";
				KERNEL_FRAMEWORK_HEADERS = "$(PROJECT_DIR)/MacKernelSDK/Headers";
				LIBRARY_SEARCH_PATHS = "$(PROJECT_DIR)/MacKernelSDK/Library/x86_64";
				MACOSX_DEPLOYMENT_TARGET = 10.11;
				MODULE_VERSION = 1.4.1;
				MTL_ENABLE_DEBUG_INFO = INCLUDE_SOURCE;
				MTL_FAST_MATH = YES;
				ONLY_ACTIVE_ARCH = YES;
				SDKROOT = macosx;
			};
			name = Debug;
		};
		4C4FE62A2156A1690074AD08 /* Release */ = {
			isa = XCBuildConfiguration;
			buildSettings = {
				ALWAYS_SEARCH_USER_PATHS = NO;
				CLANG_ANALYZER_NONNULL = YES;
				CLANG_ANALYZER_NUMBER_OBJECT_CONVERSION = YES_AGGRESSIVE;
				CLANG_CXX_LANGUAGE_STANDARD = "gnu++14";
				CLANG_CXX_LIBRARY = "libc++";
				CLANG_ENABLE_OBJC_ARC = YES;
				CLANG_ENABLE_OBJC_WEAK = YES;
				CLANG_WARN_BLOCK_CAPTURE_AUTORELEASING = YES;
				CLANG_WARN_BOOL_CONVERSION = YES;
				CLANG_WARN_COMMA = YES;
				CLANG_WARN_CONSTANT_CONVERSION = YES;
				CLANG_WARN_DEPRECATED_OBJC_IMPLEMENTATIONS = YES;
				CLANG_WARN_DIRECT_OBJC_ISA_USAGE = YES_ERROR;
				CLANG_WARN_EMPTY_BODY = YES;
				CLANG_WARN_ENUM_CONVERSION = YES;
				CLANG_WARN_INFINITE_RECURSION = YES;
				CLANG_WARN_INT_CONVERSION = YES;
				CLANG_WARN_NON_LITERAL_NULL_CONVERSION = YES;
				CLANG_WARN_OBJC_IMPLICIT_RETAIN_SELF = YES;
				CLANG_WARN_OBJC_LITERAL_CONVERSION = YES;
				CLANG_WARN_OBJC_ROOT_CLASS = YES_ERROR;
				CLANG_WARN_QUOTED_INCLUDE_IN_FRAMEWORK_HEADER = YES;
				CLANG_WARN_RANGE_LOOP_ANALYSIS = YES;
				CLANG_WARN_STRICT_PROTOTYPES = YES;
				CLANG_WARN_SUSPICIOUS_MOVE = YES;
				CLANG_WARN_UNGUARDED_AVAILABILITY = YES_AGGRESSIVE;
				CLANG_WARN_UNREACHABLE_CODE = YES;
				CLANG_WARN__DUPLICATE_METHOD_MATCH = YES;
				COPY_PHASE_STRIP = NO;
				CURRENT_PROJECT_VERSION = 1.4.1;
				DEBUG_INFORMATION_FORMAT = "dwarf-with-dsym";
				ENABLE_NS_ASSERTIONS = NO;
				ENABLE_STRICT_OBJC_MSGSEND = YES;
				GCC_C_LANGUAGE_STANDARD = gnu11;
				GCC_NO_COMMON_BLOCKS = YES;
				GCC_WARN_64_TO_32_BIT_CONVERSION = YES;
				GCC_WARN_ABOUT_RETURN_TYPE = YES_ERROR;
				GCC_WARN_UNDECLARED_SELECTOR = YES;
				GCC_WARN_UNINITIALIZED_AUTOS = YES_AGGRESSIVE;
				GCC_WARN_UNUSED_FUNCTION = YES;
				GCC_WARN_UNUSED_VARIABLE = YES;
				HEADER_SEARCH_PATHS = "$(PROJECT_DIR)/SDK/Headers";
				KERNEL_EXTENSION_HEADER_SEARCH_PATHS = "$(PROJECT_DIR)/MacKernelSDK/Headers";
				KERNEL_FRAMEWORK_HEADERS = "$(PROJECT_DIR)/MacKernelSDK/Headers";
				LIBRARY_SEARCH_PATHS = "$(PROJECT_DIR)/MacKernelSDK/Library/x86_64";
				MACOSX_DEPLOYMENT_TARGET = 10.11;
				MODULE_VERSION = 1.4.1;
				MTL_ENABLE_DEBUG_INFO = NO;
				MTL_FAST_MATH = YES;
				SDKROOT = macosx;
			};
			name = Release;
		};
		4C4FE62C2156A1690074AD08 /* Debug */ = {
			isa = XCBuildConfiguration;
			buildSettings = {
				CLANG_ANALYZER_DEADCODE_DEADSTORES = NO;
				CLANG_ANALYZER_DIVIDE_BY_ZERO = NO;
				CLANG_ANALYZER_NULL_DEREFERENCE = NO;
				CODE_SIGN_IDENTITY = "-";
				COMBINE_HIDPI_IMAGES = YES;
				CURRENT_PROJECT_VERSION = 1.5;
				GCC_PREPROCESSOR_DEFINITIONS = (
					"MODULE_VERSION=$(MODULE_VERSION)",
					"PRODUCT_NAME=$(PRODUCT_NAME)",
					"$(inherited)",
				);
				HEADER_SEARCH_PATHS = (
					"$(PROJECT_DIR)/VirtualSMC.kext/Contents/Resources",
					"$(PROJECT_DIR)/Lilu.kext/Contents/Resources",
					"$(SDKROOT)/System/Library/Frameworks/Kernel.framework/Headers",
					"$(PROJECT_DIR)/SDK",
				);
				INFOPLIST_FILE = AsusFn/Info.plist;
				MODULE_NAME = tommy.AsusFn;
				MODULE_START = "$(PRODUCT_NAME)_kern_start";
				MODULE_STOP = "$(PRODUCT_NAME)_kern_stop";
				MODULE_VERSION = 1.0.0;
				OTHER_CPLUSPLUSFLAGS = "-Wno-inconsistent-missing-override";
				PRODUCT_BUNDLE_IDENTIFIER = tommy.AsusFn;
				PRODUCT_NAME = "$(TARGET_NAME)";
				RUN_CLANG_STATIC_ANALYZER = YES;
				SDKROOT = macosx;
				SYSTEM_HEADER_SEARCH_PATHS = "$(PROJECT_DIR)/SDK/Headers";
				WRAPPER_EXTENSION = kext;
			};
			name = Debug;
		};
		4C4FE62D2156A1690074AD08 /* Release */ = {
			isa = XCBuildConfiguration;
			buildSettings = {
				CODE_SIGN_IDENTITY = "-";
				COMBINE_HIDPI_IMAGES = YES;
				CURRENT_PROJECT_VERSION = 1.5;
				GCC_PREPROCESSOR_DEFINITIONS = (
					"MODULE_VERSION=$(MODULE_VERSION)",
					"PRODUCT_NAME=$(PRODUCT_NAME)",
					"$(inherited)",
				);
				HEADER_SEARCH_PATHS = (
					"$(PROJECT_DIR)/VirtualSMC.kext/Contents/Resources/",
					"$(PROJECT_DIR)/Lilu.kext/Contents/Resources/",
					"$(PROJECT_DIR)/SDK/**",
				);
				INFOPLIST_FILE = AsusFn/Info.plist;
				MODULE_NAME = tommy.AsusFn;
				MODULE_START = "$(PRODUCT_NAME)_kern_start";
				MODULE_STOP = "$(PRODUCT_NAME)_kern_stop";
				MODULE_VERSION = 1.0.0;
				OTHER_CPLUSPLUSFLAGS = "-Wno-inconsistent-missing-override";
				PRODUCT_BUNDLE_IDENTIFIER = tommy.AsusFn;
				PRODUCT_NAME = "$(TARGET_NAME)";
				SDKROOT = macosx;
				SYSTEM_HEADER_SEARCH_PATHS = "$(PROJECT_DIR)/SDK/Headers";
				WRAPPER_EXTENSION = kext;
			};
			name = Release;
		};
/* End XCBuildConfiguration section */

/* Begin XCConfigurationList section */
		4C4FE61B2156A1690074AD08 /* Build configuration list for PBXProject "AsusFn" */ = {
			isa = XCConfigurationList;
			buildConfigurations = (
				4C4FE6292156A1690074AD08 /* Debug */,
				4C4FE62A2156A1690074AD08 /* Release */,
			);
			defaultConfigurationIsVisible = 0;
			defaultConfigurationName = Release;
		};
		4C4FE62B2156A1690074AD08 /* Build configuration list for PBXNativeTarget "AsusFn" */ = {
			isa = XCConfigurationList;
			buildConfigurations = (
				4C4FE62C2156A1690074AD08 /* Debug */,
				4C4FE62D2156A1690074AD08 /* Release */,
			);
			defaultConfigurationIsVisible = 0;
			defaultConfigurationName = Release;
		};
/* End XCConfigurationList section */
	};
	rootObject = 4C4FE6182156A1690074AD08 /* Project object */;
}
